
Microsoft Visual Studio Solution File, Format Version 12.00
# Visual Studio Version 17
VisualStudioVersion = 17.6.33815.320
MinimumVisualStudioVersion = 10.0.40219.1
Project("{FAE04EC0-301F-11D3-BF4B-00C04F79EFBC}") = "ConsoleGeneration", "ConsoleGeneration.csproj", "{F60C32F8-2585-4A42-A834-B62E3E9BC306}"
EndProject
Global
	GlobalSection(SolutionConfigurationPlatforms) = preSolution
		Debug|Any CPU = Debug|Any CPU
		Release|Any CPU = Release|Any CPU
	EndGlobalSection
	GlobalSection(ProjectConfigurationPlatforms) = postSolution
		{F60C32F8-2585-4A42-A834-B62E3E9BC306}.Debug|Any CPU.ActiveCfg = Debug|Any CPU
		{F60C32F8-2585-4A42-A834-B62E3E9BC306}.Debug|Any CPU.Build.0 = Debug|Any CPU
		{F60C32F8-2585-4A42-A834-B62E3E9BC306}.Release|Any CPU.ActiveCfg = Release|Any CPU
		{F60C32F8-2585-4A42-A834-B62E3E9BC306}.Release|Any CPU.Build.0 = Release|Any CPU
	EndGlobalSection
	GlobalSection(SolutionProperties) = preSolution
		HideSolutionNode = FALSE
	EndGlobalSection
	GlobalSection(ExtensibilityGlobals) = postSolution
		SolutionGuid = {60345504-EE39-40CE-AD23-C6BB7BB57BA2}
	EndGlobalSection
EndGlobal
